
Microsoft Visual Studio Solution File, Format Version 12.00
# Visual Studio Version 17
VisualStudioVersion = 17.7.34003.232
MinimumVisualStudioVersion = 10.0.40219.1
Project("{FAE04EC0-301F-11D3-BF4B-00C04F79EFBC}") = "gitflow-project", "gitflow-project\gitflow-project.csproj", "{A51582E1-E487-4249-AFE0-A2A83F1E44DF}"
EndProject
Global
	GlobalSection(SolutionConfigurationPlatforms) = preSolution
		Debug|Any CPU = Debug|Any CPU
		Release|Any CPU = Release|Any CPU
	EndGlobalSection
	GlobalSection(ProjectConfigurationPlatforms) = postSolution
		{A51582E1-E487-4249-AFE0-A2A83F1E44DF}.Debug|Any CPU.ActiveCfg = Debug|Any CPU
		{A51582E1-E487-4249-AFE0-A2A83F1E44DF}.Debug|Any CPU.Build.0 = Debug|Any CPU
		{A51582E1-E487-4249-AFE0-A2A83F1E44DF}.Release|Any CPU.ActiveCfg = Release|Any CPU
		{A51582E1-E487-4249-AFE0-A2A83F1E44DF}.Release|Any CPU.Build.0 = Release|Any CPU
	EndGlobalSection
	GlobalSection(SolutionProperties) = preSolution
		HideSolutionNode = FALSE
	EndGlobalSection
	GlobalSection(ExtensibilityGlobals) = postSolution
		SolutionGuid = {AC4CC73A-A915-4D78-AD1F-95F19FBA56EA}
	EndGlobalSection
EndGlobal
